
Microsoft Visual Studio Solution File, Format Version 12.00
# Visual Studio Version 16
VisualStudioVersion = 16.0.31829.152
MinimumVisualStudioVersion = 10.0.40219.1
Project("{FAE04EC0-301F-11D3-BF4B-00C04F79EFBC}") = "listaProgramacaoEstruturada", "listaProgramacaoEstruturada\listaProgramacaoEstruturada.csproj", "{144F626E-1347-4DC2-8D65-90F5E200E008}"
EndProject
Global
	GlobalSection(SolutionConfigurationPlatforms) = preSolution
		Debug|Any CPU = Debug|Any CPU
		Release|Any CPU = Release|Any CPU
	EndGlobalSection
	GlobalSection(ProjectConfigurationPlatforms) = postSolution
		{144F626E-1347-4DC2-8D65-90F5E200E008}.Debug|Any CPU.ActiveCfg = Debug|Any CPU
		{144F626E-1347-4DC2-8D65-90F5E200E008}.Debug|Any CPU.Build.0 = Debug|Any CPU
		{144F626E-1347-4DC2-8D65-90F5E200E008}.Release|Any CPU.ActiveCfg = Release|Any CPU
		{144F626E-1347-4DC2-8D65-90F5E200E008}.Release|Any CPU.Build.0 = Release|Any CPU
	EndGlobalSection
	GlobalSection(SolutionProperties) = preSolution
		HideSolutionNode = FALSE
	EndGlobalSection
	GlobalSection(ExtensibilityGlobals) = postSolution
		SolutionGuid = {758BAD97-13CF-486C-8D75-8375BC074A62}
	EndGlobalSection
EndGlobal
